# THIS IS AN AUTOGENERATED FILE. DO NOT EDIT THIS FILE DIRECTLY.
# yarn lockfile v1


"@bgd-labs/aave-address-book@2.15.2":
  version "2.15.2"
  resolved "https://registry.yarnpkg.com/@bgd-labs/aave-address-book/-/aave-address-book-2.15.2.tgz#9742da4118c5e02181a6d4e2606825c2b5c4473c"
  integrity sha512-OrKzdc2y5QIKqviQD/AI3cugGNOuYsGF/mJ5Uo2E77mmCxF/lcNnupfOthednVEfkCvUadDeOAR2wst0Fj3/Jw==
